
Microsoft Visual Studio Solution File, Format Version 12.00
# Visual Studio Version 17
VisualStudioVersion = 17.0.31903.59
MinimumVisualStudioVersion = 10.0.40219.1
Project("{FAE04EC0-301F-11D3-BF4B-00C04F79EFBC}") = "API", "API\API.csproj", "{11173251-BD73-450A-B8AF-4D757B55D07F}"
EndProject
Project("{FAE04EC0-301F-11D3-BF4B-00C04F79EFBC}") = "Application", "Application\Application.csproj", "{14711E76-3000-4588-AB16-734ABE9D07F2}"
EndProject
Project("{FAE04EC0-301F-11D3-BF4B-00C04F79EFBC}") = "Domain", "Domain\Domain.csproj", "{64193A7F-8476-431F-8091-E67E28FDE417}"
EndProject
Project("{FAE04EC0-301F-11D3-BF4B-00C04F79EFBC}") = "Persistence", "Persistence\Persistence.csproj", "{B8F879EE-1A61-48B0-9480-7410BED0EB9D}"
EndProject
Global
	GlobalSection(SolutionConfigurationPlatforms) = preSolution
		Debug|Any CPU = Debug|Any CPU
		Release|Any CPU = Release|Any CPU
	EndGlobalSection
	GlobalSection(SolutionProperties) = preSolution
		HideSolutionNode = FALSE
	EndGlobalSection
	GlobalSection(ProjectConfigurationPlatforms) = postSolution
		{11173251-BD73-450A-B8AF-4D757B55D07F}.Debug|Any CPU.ActiveCfg = Debug|Any CPU
		{11173251-BD73-450A-B8AF-4D757B55D07F}.Debug|Any CPU.Build.0 = Debug|Any CPU
		{11173251-BD73-450A-B8AF-4D757B55D07F}.Release|Any CPU.ActiveCfg = Release|Any CPU
		{11173251-BD73-450A-B8AF-4D757B55D07F}.Release|Any CPU.Build.0 = Release|Any CPU
		{14711E76-3000-4588-AB16-734ABE9D07F2}.Debug|Any CPU.ActiveCfg = Debug|Any CPU
		{14711E76-3000-4588-AB16-734ABE9D07F2}.Debug|Any CPU.Build.0 = Debug|Any CPU
		{14711E76-3000-4588-AB16-734ABE9D07F2}.Release|Any CPU.ActiveCfg = Release|Any CPU
		{14711E76-3000-4588-AB16-734ABE9D07F2}.Release|Any CPU.Build.0 = Release|Any CPU
		{64193A7F-8476-431F-8091-E67E28FDE417}.Debug|Any CPU.ActiveCfg = Debug|Any CPU
		{64193A7F-8476-431F-8091-E67E28FDE417}.Debug|Any CPU.Build.0 = Debug|Any CPU
		{64193A7F-8476-431F-8091-E67E28FDE417}.Release|Any CPU.ActiveCfg = Release|Any CPU
		{64193A7F-8476-431F-8091-E67E28FDE417}.Release|Any CPU.Build.0 = Release|Any CPU
		{B8F879EE-1A61-48B0-9480-7410BED0EB9D}.Debug|Any CPU.ActiveCfg = Debug|Any CPU
		{B8F879EE-1A61-48B0-9480-7410BED0EB9D}.Debug|Any CPU.Build.0 = Debug|Any CPU
		{B8F879EE-1A61-48B0-9480-7410BED0EB9D}.Release|Any CPU.ActiveCfg = Release|Any CPU
		{B8F879EE-1A61-48B0-9480-7410BED0EB9D}.Release|Any CPU.Build.0 = Release|Any CPU
	EndGlobalSection
EndGlobal
